
Microsoft Visual Studio Solution File, Format Version 12.00
# Visual Studio Version 16
VisualStudioVersion = 16.0.30907.101
MinimumVisualStudioVersion = 10.0.40219.1
Project("{9A19103F-16F7-4668-BE54-9A1E7A4F7556}") = "EDSODA", "EDSODA\EDSODA.csproj", "{B9D67C7B-A093-4572-9BBF-6826C42F920D}"
EndProject
Project("{9A19103F-16F7-4668-BE54-9A1E7A4F7556}") = "EDSODA_NoSQL", "EDSODA_NoSQL\EDSODA_NoSQL.csproj", "{14F06E92-089D-43ED-9276-D17BFBF545FC}"
EndProject
Global
	GlobalSection(SolutionConfigurationPlatforms) = preSolution
		Debug|Any CPU = Debug|Any CPU
		Release|Any CPU = Release|Any CPU
	EndGlobalSection
	GlobalSection(ProjectConfigurationPlatforms) = postSolution
		{B9D67C7B-A093-4572-9BBF-6826C42F920D}.Debug|Any CPU.ActiveCfg = Debug|Any CPU
		{B9D67C7B-A093-4572-9BBF-6826C42F920D}.Debug|Any CPU.Build.0 = Debug|Any CPU
		{B9D67C7B-A093-4572-9BBF-6826C42F920D}.Release|Any CPU.ActiveCfg = Release|Any CPU
		{B9D67C7B-A093-4572-9BBF-6826C42F920D}.Release|Any CPU.Build.0 = Release|Any CPU
		{14F06E92-089D-43ED-9276-D17BFBF545FC}.Debug|Any CPU.ActiveCfg = Debug|Any CPU
		{14F06E92-089D-43ED-9276-D17BFBF545FC}.Debug|Any CPU.Build.0 = Debug|Any CPU
		{14F06E92-089D-43ED-9276-D17BFBF545FC}.Release|Any CPU.ActiveCfg = Release|Any CPU
		{14F06E92-089D-43ED-9276-D17BFBF545FC}.Release|Any CPU.Build.0 = Release|Any CPU
	EndGlobalSection
	GlobalSection(SolutionProperties) = preSolution
		HideSolutionNode = FALSE
	EndGlobalSection
	GlobalSection(ExtensibilityGlobals) = postSolution
		SolutionGuid = {AC7B9516-8920-4D50-A14E-5DC197E56F57}
	EndGlobalSection
EndGlobal
